// !$*UTF8*$!
{
	archiveVersion = 1;
	classes = {
	};
	objectVersion = 48;
	objects = {

/* Begin PBXBuildFile section */
		63BC67902073AA7900DE933E /* AppDelegate.swift in Sources */ = {isa = PBXBuildFile; fileRef = 63BC678F2073AA7900DE933E /* AppDelegate.swift */; };
		63BC67922073AA7900DE933E /* ViewController.swift in Sources */ = {isa = PBXBuildFile; fileRef = 63BC67912073AA7900DE933E /* ViewController.swift */; };
		63BC67952073AA7900DE933E /* Main.storyboard in Resources */ = {isa = PBXBuildFile; fileRef = 63BC67932073AA7900DE933E /* Main.storyboard */; };
		63BC67972073AA7900DE933E /* Assets.xcassets in Resources */ = {isa = PBXBuildFile; fileRef = 63BC67962073AA7900DE933E /* Assets.xcassets */; };
		63BC679A2073AA7900DE933E /* LaunchScreen.storyboard in Resources */ = {isa = PBXBuildFile; fileRef = 63BC67982073AA7900DE933E /* LaunchScreen.storyboard */; };
		63BC67A52073AA7A00DE933E /* My_NotesTests.swift in Sources */ = {isa = PBXBuildFile; fileRef = 63BC67A42073AA7A00DE933E /* My_NotesTests.swift */; };
/* End PBXBuildFile section */

/* Begin PBXContainerItemProxy section */
		63BC67A12073AA7A00DE933E /* PBXContainerItemProxy */ = {
			isa = PBXContainerItemProxy;
			containerPortal = 63BC67842073AA7900DE933E /* Project object */;
			proxyType = 1;
			remoteGlobalIDString = 63BC678B2073AA7900DE933E;
			remoteInfo = "My Notes";
		};
/* End PBXContainerItemProxy section */

/* Begin PBXFileReference section */
		63BC678C2073AA7900DE933E /* My Notes.app */ = {isa = PBXFileReference; explicitFileType = wrapper.application; includeInIndex = 0; path = "My Notes.app"; sourceTree = BUILT_PRODUCTS_DIR; };
		63BC678F2073AA7900DE933E /* AppDelegate.swift */ = {isa = PBXFileReference; lastKnownFileType = sourcecode.swift; path = AppDelegate.swift; sourceTree = "<group>"; };
		63BC67912073AA7900DE933E /* ViewController.swift */ = {isa = PBXFileReference; lastKnownFileType = sourcecode.swift; path = ViewController.swift; sourceTree = "<group>"; };
		63BC67942073AA7900DE933E /* Base */ = {isa = PBXFileReference; lastKnownFileType = file.storyboard; name = Base; path = Base.lproj/Main.storyboard; sourceTree = "<group>"; };
		63BC67962073AA7900DE933E /* Assets.xcassets */ = {isa = PBXFileReference; lastKnownFileType = folder.assetcatalog; path = Assets.xcassets; sourceTree = "<group>"; };
		63BC67992073AA7900DE933E /* Base */ = {isa = PBXFileReference; lastKnownFileType = file.storyboard; name = Base; path = Base.lproj/LaunchScreen.storyboard; sourceTree = "<group>"; };
		63BC679B2073AA7900DE933E /* Info.plist */ = {isa = PBXFileReference; lastKnownFileType = text.plist.xml; path = Info.plist; sourceTree = "<group>"; };
		63BC67A02073AA7A00DE933E /* My NotesTests.xctest */ = {isa = PBXFileReference; explicitFileType = wrapper.cfbundle; includeInIndex = 0; path = "My NotesTests.xctest"; sourceTree = BUILT_PRODUCTS_DIR; };
		63BC67A42073AA7A00DE933E /* My_NotesTests.swift */ = {isa = PBXFileReference; lastKnownFileType = sourcecode.swift; path = My_NotesTests.swift; sourceTree = "<group>"; };
		63BC67A62073AA7A00DE933E /* Info.plist */ = {isa = PBXFileReference; lastKnownFileType = text.plist.xml; path = Info.plist; sourceTree = "<group>"; };
/* End PBXFileReference section */

/* Begin PBXFrameworksBuildPhase section */
		63BC67892073AA7900DE933E /* Frameworks */ = {
			isa = PBXFrameworksBuildPhase;
			buildActionMask = 2147483647;
			files = (
			);
			runOnlyForDeploymentPostprocessing = 0;
		};
		63BC679D2073AA7A00DE933E /* Frameworks */ = {
			isa = PBXFrameworksBuildPhase;
			buildActionMask = 2147483647;
			files = (
			);
			runOnlyForDeploymentPostprocessing = 0;
		};
/* End PBXFrameworksBuildPhase section */

/* Begin PBXGroup section */
		63BC67832073AA7900DE933E = {
			isa = PBXGroup;
			children = (
				63BC678E2073AA7900DE933E /* My Notes */,
				63BC67A32073AA7A00DE933E /* My NotesTests */,
				63BC678D2073AA7900DE933E /* Products */,
			);
			sourceTree = "<group>";
		};
		63BC678D2073AA7900DE933E /* Products */ = {
			isa = PBXGroup;
			children = (
				63BC678C2073AA7900DE933E /* My Notes.app */,
				63BC67A02073AA7A00DE933E /* My NotesTests.xctest */,
			);
			name = Products;
			sourceTree = "<group>";
		};
		63BC678E2073AA7900DE933E /* My Notes */ = {
			isa = PBXGroup;
			children = (
				63BC678F2073AA7900DE933E /* AppDelegate.swift */,
				63BC67912073AA7900DE933E /* ViewController.swift */,
				63BC67932073AA7900DE933E /* Main.storyboard */,
				63BC67962073AA7900DE933E /* Assets.xcassets */,
				63BC67982073AA7900DE933E /* LaunchScreen.storyboard */,
				63BC679B2073AA7900DE933E /* Info.plist */,
			);
			path = "My Notes";
			sourceTree = "<group>";
		};
		63BC67A32073AA7A00DE933E /* My NotesTests */ = {
			isa = PBXGroup;
			children = (
				63BC67A42073AA7A00DE933E /* My_NotesTests.swift */,
				63BC67A62073AA7A00DE933E /* Info.plist */,
			);
			path = "My NotesTests";
			sourceTree = "<group>";
		};
/* End PBXGroup section */

/* Begin PBXNativeTarget section */
		63BC678B2073AA7900DE933E /* My Notes */ = {
			isa = PBXNativeTarget;
			buildConfigurationList = 63BC67A92073AA7A00DE933E /* Build configuration list for PBXNativeTarget "My Notes" */;
			buildPhases = (
				63BC67882073AA7900DE933E /* Sources */,
				63BC67892073AA7900DE933E /* Frameworks */,
				63BC678A2073AA7900DE933E /* Resources */,
			);
			buildRules = (
			);
			dependencies = (
			);
			name = "My Notes";
			productName = "My Notes";
			productReference = 63BC678C2073AA7900DE933E /* My Notes.app */;
			productType = "com.apple.product-type.application";
		};
		63BC679F2073AA7A00DE933E /* My NotesTests */ = {
			isa = PBXNativeTarget;
			buildConfigurationList = 63BC67AC2073AA7A00DE933E /* Build configuration list for PBXNativeTarget "My NotesTests" */;
			buildPhases = (
				63BC679C2073AA7A00DE933E /* Sources */,
				63BC679D2073AA7A00DE933E /* Frameworks */,
				63BC679E2073AA7A00DE933E /* Resources */,
			);
			buildRules = (
			);
			dependencies = (
				63BC67A22073AA7A00DE933E /* PBXTargetDependency */,
			);
			name = "My NotesTests";
			productName = "My NotesTests";
			productReference = 63BC67A02073AA7A00DE933E /* My NotesTests.xctest */;
			productType = "com.apple.product-type.bundle.unit-test";
		};
/* End PBXNativeTarget section */

/* Begin PBXProject section */
		63BC67842073AA7900DE933E /* Project object */ = {
			isa = PBXProject;
			attributes = {
				LastSwiftUpdateCheck = 0920;
				LastUpgradeCheck = 0920;
				ORGANIZATIONNAME = "Annie Alig";
				TargetAttributes = {
					63BC678B2073AA7900DE933E = {
						CreatedOnToolsVersion = 9.2;
						ProvisioningStyle = Automatic;
					};
					63BC679F2073AA7A00DE933E = {
						CreatedOnToolsVersion = 9.2;
						ProvisioningStyle = Automatic;
						TestTargetID = 63BC678B2073AA7900DE933E;
					};
				};
			};
			buildConfigurationList = 63BC67872073AA7900DE933E /* Build configuration list for PBXProject "My Notes" */;
			compatibilityVersion = "Xcode 8.0";
			developmentRegion = en;
			hasScannedForEncodings = 0;
			knownRegions = (
				en,
				Base,
			);
			mainGroup = 63BC67832073AA7900DE933E;
			productRefGroup = 63BC678D2073AA7900DE933E /* Products */;
			projectDirPath = "";
			projectRoot = "";
			targets = (
				63BC678B2073AA7900DE933E /* My Notes */,
				63BC679F2073AA7A00DE933E /* My NotesTests */,
			);
		};
/* End PBXProject section */

/* Begin PBXResourcesBuildPhase section */
		63BC678A2073AA7900DE933E /* Resources */ = {
			isa = PBXResourcesBuildPhase;
			buildActionMask = 2147483647;
			files = (
				63BC679A2073AA7900DE933E /* LaunchScreen.storyboard in Resources */,
				63BC67972073AA7900DE933E /* Assets.xcassets in Resources */,
				63BC67952073AA7900DE933E /* Main.storyboard in Resources */,
			);
			runOnlyForDeploymentPostprocessing = 0;
		};
		63BC679E2073AA7A00DE933E /* Resources */ = {
			isa = PBXResourcesBuildPhase;
			buildActionMask = 2147483647;
			files = (
			);
			runOnlyForDeploymentPostprocessing = 0;
		};
/* End PBXResourcesBuildPhase section */

/* Begin PBXSourcesBuildPhase section */
		63BC67882073AA7900DE933E /* Sources */ = {
			isa = PBXSourcesBuildPhase;
			buildActionMask = 2147483647;
			files = (
				63BC67922073AA7900DE933E /* ViewController.swift in Sources */,
				63BC67902073AA7900DE933E /* AppDelegate.swift in Sources */,
			);
			runOnlyForDeploymentPostprocessing = 0;
		};
		63BC679C2073AA7A00DE933E /* Sources */ = {
			isa = PBXSourcesBuildPhase;
			buildActionMask = 2147483647;
			files = (
				63BC67A52073AA7A00DE933E /* My_NotesTests.swift in Sources */,
			);
			runOnlyForDeploymentPostprocessing = 0;
		};
/* End PBXSourcesBuildPhase section */

/* Begin PBXTargetDependency section */
		63BC67A22073AA7A00DE933E /* PBXTargetDependency */ = {
			isa = PBXTargetDependency;
			target = 63BC678B2073AA7900DE933E /* My Notes */;
			targetProxy = 63BC67A12073AA7A00DE933E /* PBXContainerItemProxy */;
		};
/* End PBXTargetDependency section */

/* Begin PBXVariantGroup section */
		63BC67932073AA7900DE933E /* Main.storyboard */ = {
			isa = PBXVariantGroup;
			children = (
				63BC67942073AA7900DE933E /* Base */,
			);
			name = Main.storyboard;
			sourceTree = "<group>";
		};
		63BC67982073AA7900DE933E /* LaunchScreen.storyboard */ = {
			isa = PBXVariantGroup;
			children = (
				63BC67992073AA7900DE933E /* Base */,
			);
			name = LaunchScreen.storyboard;
			sourceTree = "<group>";
		};
/* End PBXVariantGroup section */

/* Begin XCBuildConfiguration section */
		63BC67A72073AA7A00DE933E /* Debug */ = {
			isa = XCBuildConfiguration;
			buildSettings = {
				ALWAYS_SEARCH_USER_PATHS = NO;
				CLANG_ANALYZER_NONNULL = YES;
				CLANG_ANALYZER_NUMBER_OBJECT_CONVERSION = YES_AGGRESSIVE;
				CLANG_CXX_LANGUAGE_STANDARD = "gnu++14";
				CLANG_CXX_LIBRARY = "libc++";
				CLANG_ENABLE_MODULES = YES;
				CLANG_ENABLE_OBJC_ARC = YES;
				CLANG_WARN_BLOCK_CAPTURE_AUTORELEASING = YES;
				CLANG_WARN_BOOL_CONVERSION = YES;
				CLANG_WARN_COMMA = YES;
				CLANG_WARN_CONSTANT_CONVERSION = YES;
				CLANG_WARN_DIRECT_OBJC_ISA_USAGE = YES_ERROR;
				CLANG_WARN_DOCUMENTATION_COMMENTS = YES;
				CLANG_WARN_EMPTY_BODY = YES;
				CLANG_WARN_ENUM_CONVERSION = YES;
				CLANG_WARN_INFINITE_RECURSION = YES;
				CLANG_WARN_INT_CONVERSION = YES;
				CLANG_WARN_NON_LITERAL_NULL_CONVERSION = YES;
				CLANG_WARN_OBJC_LITERAL_CONVERSION = YES;
				CLANG_WARN_OBJC_ROOT_CLASS = YES_ERROR;
				CLANG_WARN_RANGE_LOOP_ANALYSIS = YES;
				CLANG_WARN_STRICT_PROTOTYPES = YES;
				CLANG_WARN_SUSPICIOUS_MOVE = YES;
				CLANG_WARN_UNGUARDED_AVAILABILITY = YES_AGGRESSIVE;
				CLANG_WARN_UNREACHABLE_CODE = YES;
				CLANG_WARN__DUPLICATE_METHOD_MATCH = YES;
				CODE_SIGN_IDENTITY = "iPhone Developer";
				COPY_PHASE_STRIP = NO;
				DEBUG_INFORMATION_FORMAT = dwarf;
				ENABLE_STRICT_OBJC_MSGSEND = YES;
				ENABLE_TESTABILITY = YES;
				GCC_C_LANGUAGE_STANDARD = gnu11;
				GCC_DYNAMIC_NO_PIC = NO;
				GCC_NO_COMMON_BLOCKS = YES;
				GCC_OPTIMIZATION_LEVEL = 0;
				GCC_PREPROCESSOR_DEFINITIONS = (
					"DEBUG=1",
					"$(inherited)",
				);
				GCC_WARN_64_TO_32_BIT_CONVERSION = YES;
				GCC_WARN_ABOUT_RETURN_TYPE = YES_ERROR;
				GCC_WARN_UNDECLARED_SELECTOR = YES;
				GCC_WARN_UNINITIALIZED_AUTOS = YES_AGGRESSIVE;
				GCC_WARN_UNUSED_FUNCTION = YES;
				GCC_WARN_UNUSED_VARIABLE = YES;
				IPHONEOS_DEPLOYMENT_TARGET = 11.2;
				MTL_ENABLE_DEBUG_INFO = YES;
				ONLY_ACTIVE_ARCH = YES;
				SDKROOT = iphoneos;
				SWIFT_ACTIVE_COMPILATION_CONDITIONS = DEBUG;
				SWIFT_OPTIMIZATION_LEVEL = "-Onone";
			};
			name = Debug;
		};
		63BC67A82073AA7A00DE933E /* Release */ = {
			isa = XCBuildConfiguration;
			buildSettings = {
				ALWAYS_SEARCH_USER_PATHS = NO;
				CLANG_ANALYZER_NONNULL = YES;
				CLANG_ANALYZER_NUMBER_OBJECT_CONVERSION = YES_AGGRESSIVE;
				CLANG_CXX_LANGUAGE_STANDARD = "gnu++14";
				CLANG_CXX_LIBRARY = "libc++";
				CLANG_ENABLE_MODULES = YES;
				CLANG_ENABLE_OBJC_ARC = YES;
				CLANG_WARN_BLOCK_CAPTURE_AUTORELEASING = YES;
				CLANG_WARN_BOOL_CONVERSION = YES;
				CLANG_WARN_COMMA = YES;
				CLANG_WARN_CONSTANT_CONVERSION = YES;
				CLANG_WARN_DIRECT_OBJC_ISA_USAGE = YES_ERROR;
				CLANG_WARN_DOCUMENTATION_COMMENTS = YES;
				CLANG_WARN_EMPTY_BODY = YES;
				CLANG_WARN_ENUM_CONVERSION = YES;
				CLANG_WARN_INFINITE_RECURSION = YES;
				CLANG_WARN_INT_CONVERSION = YES;
				CLANG_WARN_NON_LITERAL_NULL_CONVERSION = YES;
				CLANG_WARN_OBJC_LITERAL_CONVERSION = YES;
				CLANG_WARN_OBJC_ROOT_CLASS = YES_ERROR;
				CLANG_WARN_RANGE_LOOP_ANALYSIS = YES;
				CLANG_WARN_STRICT_PROTOTYPES = YES;
				CLANG_WARN_SUSPICIOUS_MOVE = YES;
				CLANG_WARN_UNGUARDED_AVAILABILITY = YES_AGGRESSIVE;
				CLANG_WARN_UNREACHABLE_CODE = YES;
				CLANG_WARN__DUPLICATE_METHOD_MATCH = YES;
				CODE_SIGN_IDENTITY = "iPhone Developer";
				COPY_PHASE_STRIP = NO;
				DEBUG_INFORMATION_FORMAT = "dwarf-with-dsym";
				ENABLE_NS_ASSERTIONS = NO;
				ENABLE_STRICT_OBJC_MSGSEND = YES;
				GCC_C_LANGUAGE_STANDARD = gnu11;
				GCC_NO_COMMON_BLOCKS = YES;
				GCC_WARN_64_TO_32_BIT_CONVERSION = YES;
				GCC_WARN_ABOUT_RETURN_TYPE = YES_ERROR;
				GCC_WARN_UNDECLARED_SELECTOR = YES;
				GCC_WARN_UNINITIALIZED_AUTOS = YES_AGGRESSIVE;
				GCC_WARN_UNUSED_FUNCTION = YES;
				GCC_WARN_UNUSED_VARIABLE = YES;
				IPHONEOS_DEPLOYMENT_TARGET = 11.2;
				MTL_ENABLE_DEBUG_INFO = NO;
				SDKROOT = iphoneos;
				SWIFT_OPTIMIZATION_LEVEL = "-Owholemodule";
				VALIDATE_PRODUCT = YES;
			};
			name = Release;
		};
		63BC67AA2073AA7A00DE933E /* Debug */ = {
			isa = XCBuildConfiguration;
			buildSettings = {
				ASSETCATALOG_COMPILER_APPICON_NAME = AppIcon;
				CODE_SIGN_STYLE = Automatic;
				INFOPLIST_FILE = "My Notes/Info.plist";
				LD_RUNPATH_SEARCH_PATHS = "$(inherited) @executable_path/Frameworks";
				PRODUCT_BUNDLE_IDENTIFIER = "com.example.My-Notes";
				PRODUCT_NAME = "$(TARGET_NAME)";
				SWIFT_VERSION = 4.0;
				TARGETED_DEVICE_FAMILY = "1,2";
			};
			name = Debug;
		};
		63BC67AB2073AA7A00DE933E /* Release */ = {
			isa = XCBuildConfiguration;
			buildSettings = {
				ASSETCATALOG_COMPILER_APPICON_NAME = AppIcon;
				CODE_SIGN_STYLE = Automatic;
				INFOPLIST_FILE = "My Notes/Info.plist";
				LD_RUNPATH_SEARCH_PATHS = "$(inherited) @executable_path/Frameworks";
				PRODUCT_BUNDLE_IDENTIFIER = "com.example.My-Notes";
				PRODUCT_NAME = "$(TARGET_NAME)";
				SWIFT_VERSION = 4.0;
				TARGETED_DEVICE_FAMILY = "1,2";
			};
			name = Release;
		};
		63BC67AD2073AA7A00DE933E /* Debug */ = {
			isa = XCBuildConfiguration;
			buildSettings = {
				ALWAYS_EMBED_SWIFT_STANDARD_LIBRARIES = YES;
				BUNDLE_LOADER = "$(TEST_HOST)";
				CODE_SIGN_STYLE = Automatic;
				INFOPLIST_FILE = "My NotesTests/Info.plist";
				LD_RUNPATH_SEARCH_PATHS = "$(inherited) @executable_path/Frameworks @loader_path/Frameworks";
				PRODUCT_BUNDLE_IDENTIFIER = "com.example.My-NotesTests";
				PRODUCT_NAME = "$(TARGET_NAME)";
				SWIFT_VERSION = 4.0;
				TARGETED_DEVICE_FAMILY = "1,2";
				TEST_HOST = "$(BUILT_PRODUCTS_DIR)/My Notes.app/My Notes";
			};
			name = Debug;
		};
		63BC67AE2073AA7A00DE933E /* Release */ = {
			isa = XCBuildConfiguration;
			buildSettings = {
				ALWAYS_EMBED_SWIFT_STANDARD_LIBRARIES = YES;
				BUNDLE_LOADER = "$(TEST_HOST)";
				CODE_SIGN_STYLE = Automatic;
				INFOPLIST_FILE = "My NotesTests/Info.plist";
				LD_RUNPATH_SEARCH_PATHS = "$(inherited) @executable_path/Frameworks @loader_path/Frameworks";
				PRODUCT_BUNDLE_IDENTIFIER = "com.example.My-NotesTests";
				PRODUCT_NAME = "$(TARGET_NAME)";
				SWIFT_VERSION = 4.0;
				TARGETED_DEVICE_FAMILY = "1,2";
				TEST_HOST = "$(BUILT_PRODUCTS_DIR)/My Notes.app/My Notes";
			};
			name = Release;
		};
/* End XCBuildConfiguration section */

/* Begin XCConfigurationList section */
		63BC67872073AA7900DE933E /* Build configuration list for PBXProject "My Notes" */ = {
			isa = XCConfigurationList;
			buildConfigurations = (
				63BC67A72073AA7A00DE933E /* Debug */,
				63BC67A82073AA7A00DE933E /* Release */,
			);
			defaultConfigurationIsVisible = 0;
			defaultConfigurationName = Release;
		};
		63BC67A92073AA7A00DE933E /* Build configuration list for PBXNativeTarget "My Notes" */ = {
			isa = XCConfigurationList;
			buildConfigurations = (
				63BC67AA2073AA7A00DE933E /* Debug */,
				63BC67AB2073AA7A00DE933E /* Release */,
			);
			defaultConfigurationIsVisible = 0;
			defaultConfigurationName = Release;
		};
		63BC67AC2073AA7A00DE933E /* Build configuration list for PBXNativeTarget "My NotesTests" */ = {
			isa = XCConfigurationList;
			buildConfigurations = (
				63BC67AD2073AA7A00DE933E /* Debug */,
				63BC67AE2073AA7A00DE933E /* Release */,
			);
			defaultConfigurationIsVisible = 0;
			defaultConfigurationName = Release;
		};
/* End XCConfigurationList section */
	};
	rootObject = 63BC67842073AA7900DE933E /* Project object */;
}
